
Microsoft Visual Studio Solution File, Format Version 12.00
# Visual Studio Version 16
VisualStudioVersion = 16.0.30011.22
MinimumVisualStudioVersion = 10.0.40219.1
Project("{FAE04EC0-301F-11D3-BF4B-00C04F79EFBC}") = "Masterclass_Inheritance_Challenge", "Masterclass_Inheritance_Challenge\Masterclass_Inheritance_Challenge.csproj", "{72AC95E1-79BD-4350-B5C5-B5C1EC8D35F3}"
EndProject
Global
	GlobalSection(SolutionConfigurationPlatforms) = preSolution
		Debug|Any CPU = Debug|Any CPU
		Release|Any CPU = Release|Any CPU
	EndGlobalSection
	GlobalSection(ProjectConfigurationPlatforms) = postSolution
		{72AC95E1-79BD-4350-B5C5-B5C1EC8D35F3}.Debug|Any CPU.ActiveCfg = Debug|Any CPU
		{72AC95E1-79BD-4350-B5C5-B5C1EC8D35F3}.Debug|Any CPU.Build.0 = Debug|Any CPU
		{72AC95E1-79BD-4350-B5C5-B5C1EC8D35F3}.Release|Any CPU.ActiveCfg = Release|Any CPU
		{72AC95E1-79BD-4350-B5C5-B5C1EC8D35F3}.Release|Any CPU.Build.0 = Release|Any CPU
	EndGlobalSection
	GlobalSection(SolutionProperties) = preSolution
		HideSolutionNode = FALSE
	EndGlobalSection
	GlobalSection(ExtensibilityGlobals) = postSolution
		SolutionGuid = {89950DCB-D281-4AC3-B662-D7EB7A7D0554}
	EndGlobalSection
EndGlobal
